{
  "originHash" : "a9c7837a9e0ad9606172c81fcab087f924aaea88801c269aae915e548e490ecb",
  "pins" : [
    {
      "identity" : "sudo-logging-ios",
      "kind" : "remoteSourceControl",
      "location" : "https://github.com/sudoplatform/sudo-logging-ios",
      "state" : {
        "revision" : "584aef22ef0d9b6ee66134bb35a10087a6659072",
        "version" : "3.0.0"
      }
    }
  ],
  "version" : 3
}
