{
  "pins" : [
    {
      "identity" : "aws-sdk-ios-spm",
      "kind" : "remoteSourceControl",
      "location" : "https://github.com/aws-amplify/aws-sdk-ios-spm",
      "state" : {
        "revision" : "048ba8f55deb04dd399c0c3a61b4addf54e0c36b",
        "version" : "2.36.7"
      }
    },
    {
      "identity" : "sudo-logging-ios",
      "kind" : "remoteSourceControl",
      "location" : "git@gitlab.tools.anonyome.com:platform/client-common/sudo-logging-ios.git",
      "state" : {
        "branch" : "swift-package-manager",
        "revision" : "7735faec0664ff12cfd19efce361693929aee087"
      }
    }
  ],
  "version" : 2
}
