{
  "pins" : [
    {
      "identity" : "sudo-logging-ios",
      "kind" : "remoteSourceControl",
      "location" : "https://github.com/sudoplatform/sudo-logging-ios",
      "state" : {
        "revision" : "c1de608ee27bc133cf9657af9c290aa17ec3f133",
        "version" : "2.0.0"
      }
    }
  ],
  "version" : 2
}
